// !$*UTF8*$!
{
	archiveVersion = 1;
	classes = {
	};
	objectVersion = 55;
	objects = {

/* Begin PBXBuildFile section */
		4ECB640D285B42B500F23E4E /* AppDelegate.swift in Sources */ = {isa = PBXBuildFile; fileRef = 4ECB640C285B42B500F23E4E /* AppDelegate.swift */; };
		4ECB640F285B42B500F23E4E /* SceneDelegate.swift in Sources */ = {isa = PBXBuildFile; fileRef = 4ECB640E285B42B500F23E4E /* SceneDelegate.swift */; };
		4ECB6411285B42B500F23E4E /* ViewController.swift in Sources */ = {isa = PBXBuildFile; fileRef = 4ECB6410285B42B500F23E4E /* ViewController.swift */; };
		4ECB6414285B42B500F23E4E /* Main.storyboard in Resources */ = {isa = PBXBuildFile; fileRef = 4ECB6412285B42B500F23E4E /* Main.storyboard */; };
		4ECB6416285B42B800F23E4E /* Assets.xcassets in Resources */ = {isa = PBXBuildFile; fileRef = 4ECB6415285B42B800F23E4E /* Assets.xcassets */; };
		4ECB6419285B42B800F23E4E /* LaunchScreen.storyboard in Resources */ = {isa = PBXBuildFile; fileRef = 4ECB6417285B42B800F23E4E /* LaunchScreen.storyboard */; };
		4ECB6429285B430F00F23E4E /* newTargetAudioUnit.m in Sources */ = {isa = PBXBuildFile; fileRef = 4ECB6428285B430F00F23E4E /* newTargetAudioUnit.m */; };
		4ECB642D285B430F00F23E4E /* DSPKernel.hpp in Resources */ = {isa = PBXBuildFile; fileRef = 4ECB642C285B430F00F23E4E /* DSPKernel.hpp */; };
		4ECB642F285B430F00F23E4E /* DSPKernel.mm in Sources */ = {isa = PBXBuildFile; fileRef = 4ECB642E285B430F00F23E4E /* DSPKernel.mm */; };
		4ECB6431285B430F00F23E4E /* BufferedAudioBus.hpp in Resources */ = {isa = PBXBuildFile; fileRef = 4ECB6430285B430F00F23E4E /* BufferedAudioBus.hpp */; };
		4ECB6434285B430F00F23E4E /* newTargetDSPKernel.hpp in Resources */ = {isa = PBXBuildFile; fileRef = 4ECB6433285B430F00F23E4E /* newTargetDSPKernel.hpp */; };
		4ECB6436285B430F00F23E4E /* newTargetDSPKernel.mm in Sources */ = {isa = PBXBuildFile; fileRef = 4ECB6435285B430F00F23E4E /* newTargetDSPKernel.mm */; };
		4ECB6439285B430F00F23E4E /* AudioUnitViewController.swift in Sources */ = {isa = PBXBuildFile; fileRef = 4ECB6438285B430F00F23E4E /* AudioUnitViewController.swift */; };
		4ECB643B285B430F00F23E4E /* newTargetAudioUnit.swift in Sources */ = {isa = PBXBuildFile; fileRef = 4ECB643A285B430F00F23E4E /* newTargetAudioUnit.swift */; };
		4ECB643D285B430F00F23E4E /* newTargetParameters.swift in Sources */ = {isa = PBXBuildFile; fileRef = 4ECB643C285B430F00F23E4E /* newTargetParameters.swift */; };
		4ECB6441285B430F00F23E4E /* MainInterface.storyboard in Resources */ = {isa = PBXBuildFile; fileRef = 4ECB643F285B430F00F23E4E /* MainInterface.storyboard */; };
		4ECB6445285B430F00F23E4E /* newTarget.appex in Embed App Extensions */ = {isa = PBXBuildFile; fileRef = 4ECB6424285B430F00F23E4E /* newTarget.appex */; settings = {ATTRIBUTES = (RemoveHeadersOnCopy, ); }; };
/* End PBXBuildFile section */

/* Begin PBXContainerItemProxy section */
		4ECB6443285B430F00F23E4E /* PBXContainerItemProxy */ = {
			isa = PBXContainerItemProxy;
			containerPortal = 4ECB6401285B42B500F23E4E /* Project object */;
			proxyType = 1;
			remoteGlobalIDString = 4ECB6423285B430F00F23E4E;
			remoteInfo = newTarget;
		};
/* End PBXContainerItemProxy section */

/* Begin PBXCopyFilesBuildPhase section */
		4ECB6449285B430F00F23E4E /* Embed App Extensions */ = {
			isa = PBXCopyFilesBuildPhase;
			buildActionMask = 2147483647;
			dstPath = "";
			dstSubfolderSpec = 13;
			files = (
				4ECB6445285B430F00F23E4E /* newTarget.appex in Embed App Extensions */,
			);
			name = "Embed App Extensions";
			runOnlyForDeploymentPostprocessing = 0;
		};
/* End PBXCopyFilesBuildPhase section */

/* Begin PBXFileReference section */
		4ECB6409285B42B500F23E4E /* toLearnTarget&stuff.app */ = {isa = PBXFileReference; explicitFileType = wrapper.application; includeInIndex = 0; path = "toLearnTarget&stuff.app"; sourceTree = BUILT_PRODUCTS_DIR; };
		4ECB640C285B42B500F23E4E /* AppDelegate.swift */ = {isa = PBXFileReference; lastKnownFileType = sourcecode.swift; path = AppDelegate.swift; sourceTree = "<group>"; };
		4ECB640E285B42B500F23E4E /* SceneDelegate.swift */ = {isa = PBXFileReference; lastKnownFileType = sourcecode.swift; path = SceneDelegate.swift; sourceTree = "<group>"; };
		4ECB6410285B42B500F23E4E /* ViewController.swift */ = {isa = PBXFileReference; lastKnownFileType = sourcecode.swift; path = ViewController.swift; sourceTree = "<group>"; };
		4ECB6413285B42B500F23E4E /* Base */ = {isa = PBXFileReference; lastKnownFileType = file.storyboard; name = Base; path = Base.lproj/Main.storyboard; sourceTree = "<group>"; };
		4ECB6415285B42B800F23E4E /* Assets.xcassets */ = {isa = PBXFileReference; lastKnownFileType = folder.assetcatalog; path = Assets.xcassets; sourceTree = "<group>"; };
		4ECB6418285B42B800F23E4E /* Base */ = {isa = PBXFileReference; lastKnownFileType = file.storyboard; name = Base; path = Base.lproj/LaunchScreen.storyboard; sourceTree = "<group>"; };
		4ECB641A285B42B800F23E4E /* Info.plist */ = {isa = PBXFileReference; lastKnownFileType = text.plist.xml; path = Info.plist; sourceTree = "<group>"; };
		4ECB6424285B430F00F23E4E /* newTarget.appex */ = {isa = PBXFileReference; explicitFileType = "wrapper.app-extension"; includeInIndex = 0; path = newTarget.appex; sourceTree = BUILT_PRODUCTS_DIR; };
		4ECB6427285B430F00F23E4E /* newTargetAudioUnit.h */ = {isa = PBXFileReference; lastKnownFileType = sourcecode.c.h; path = newTargetAudioUnit.h; sourceTree = "<group>"; };
		4ECB6428285B430F00F23E4E /* newTargetAudioUnit.m */ = {isa = PBXFileReference; lastKnownFileType = sourcecode.c.objc; path = newTargetAudioUnit.m; sourceTree = "<group>"; };
		4ECB642C285B430F00F23E4E /* DSPKernel.hpp */ = {isa = PBXFileReference; lastKnownFileType = sourcecode.cpp.h; path = DSPKernel.hpp; sourceTree = "<group>"; };
		4ECB642E285B430F00F23E4E /* DSPKernel.mm */ = {isa = PBXFileReference; lastKnownFileType = sourcecode.cpp.objcpp; path = DSPKernel.mm; sourceTree = "<group>"; };
		4ECB6430285B430F00F23E4E /* BufferedAudioBus.hpp */ = {isa = PBXFileReference; lastKnownFileType = sourcecode.cpp.h; path = BufferedAudioBus.hpp; sourceTree = "<group>"; };
		4ECB6432285B430F00F23E4E /* newTargetDSPKernelAdapter.h */ = {isa = PBXFileReference; lastKnownFileType = sourcecode.c.h; path = newTargetDSPKernelAdapter.h; sourceTree = "<group>"; };
		4ECB6433285B430F00F23E4E /* newTargetDSPKernel.hpp */ = {isa = PBXFileReference; lastKnownFileType = sourcecode.cpp.h; path = newTargetDSPKernel.hpp; sourceTree = "<group>"; };
		4ECB6435285B430F00F23E4E /* newTargetDSPKernel.mm */ = {isa = PBXFileReference; lastKnownFileType = sourcecode.cpp.objcpp; path = newTargetDSPKernel.mm; sourceTree = "<group>"; };
		4ECB6438285B430F00F23E4E /* AudioUnitViewController.swift */ = {isa = PBXFileReference; lastKnownFileType = sourcecode.swift; path = AudioUnitViewController.swift; sourceTree = "<group>"; };
		4ECB643A285B430F00F23E4E /* newTargetAudioUnit.swift */ = {isa = PBXFileReference; lastKnownFileType = sourcecode.swift; name = newTargetAudioUnit.swift; path = "Audio Unit/newTargetAudioUnit.swift"; sourceTree = "<group>"; };
		4ECB643C285B430F00F23E4E /* newTargetParameters.swift */ = {isa = PBXFileReference; lastKnownFileType = sourcecode.swift; name = newTargetParameters.swift; path = "Audio Unit/newTargetParameters.swift"; sourceTree = "<group>"; };
		4ECB643E285B430F00F23E4E /* newTarget-Bridging-Header.h */ = {isa = PBXFileReference; lastKnownFileType = sourcecode.c.h; path = "newTarget-Bridging-Header.h"; sourceTree = "<group>"; };
		4ECB6440285B430F00F23E4E /* Base */ = {isa = PBXFileReference; lastKnownFileType = file.storyboard; name = Base; path = Base.lproj/MainInterface.storyboard; sourceTree = "<group>"; };
		4ECB6442285B430F00F23E4E /* Info.plist */ = {isa = PBXFileReference; lastKnownFileType = text.plist.xml; path = Info.plist; sourceTree = "<group>"; };
/* End PBXFileReference section */

/* Begin PBXFrameworksBuildPhase section */
		4ECB6406285B42B500F23E4E /* Frameworks */ = {
			isa = PBXFrameworksBuildPhase;
			buildActionMask = 2147483647;
			files = (
			);
			runOnlyForDeploymentPostprocessing = 0;
		};
		4ECB6421285B430F00F23E4E /* Frameworks */ = {
			isa = PBXFrameworksBuildPhase;
			buildActionMask = 2147483647;
			files = (
			);
			runOnlyForDeploymentPostprocessing = 0;
		};
/* End PBXFrameworksBuildPhase section */

/* Begin PBXGroup section */
		4ECB6400285B42B500F23E4E = {
			isa = PBXGroup;
			children = (
				4ECB640B285B42B500F23E4E /* toLearnTarget&stuff */,
				4ECB6425285B430F00F23E4E /* newTarget */,
				4ECB640A285B42B500F23E4E /* Products */,
			);
			sourceTree = "<group>";
		};
		4ECB640A285B42B500F23E4E /* Products */ = {
			isa = PBXGroup;
			children = (
				4ECB6409285B42B500F23E4E /* toLearnTarget&stuff.app */,
				4ECB6424285B430F00F23E4E /* newTarget.appex */,
			);
			name = Products;
			sourceTree = "<group>";
		};
		4ECB640B285B42B500F23E4E /* toLearnTarget&stuff */ = {
			isa = PBXGroup;
			children = (
				4ECB640C285B42B500F23E4E /* AppDelegate.swift */,
				4ECB640E285B42B500F23E4E /* SceneDelegate.swift */,
				4ECB6410285B42B500F23E4E /* ViewController.swift */,
				4ECB6412285B42B500F23E4E /* Main.storyboard */,
				4ECB6415285B42B800F23E4E /* Assets.xcassets */,
				4ECB6417285B42B800F23E4E /* LaunchScreen.storyboard */,
				4ECB641A285B42B800F23E4E /* Info.plist */,
			);
			path = "toLearnTarget&stuff";
			sourceTree = "<group>";
		};
		4ECB6425285B430F00F23E4E /* newTarget */ = {
			isa = PBXGroup;
			children = (
				4ECB643A285B430F00F23E4E /* newTargetAudioUnit.swift */,
				4ECB643C285B430F00F23E4E /* newTargetParameters.swift */,
				4ECB643E285B430F00F23E4E /* newTarget-Bridging-Header.h */,
				4ECB643F285B430F00F23E4E /* MainInterface.storyboard */,
				4ECB6442285B430F00F23E4E /* Info.plist */,
				4ECB6426285B430F00F23E4E /* Audio Unit */,
				4ECB642A285B430F00F23E4E /* DSP */,
				4ECB6437285B430F00F23E4E /* UI */,
			);
			path = newTarget;
			sourceTree = "<group>";
		};
		4ECB6426285B430F00F23E4E /* Audio Unit */ = {
			isa = PBXGroup;
			children = (
				4ECB6427285B430F00F23E4E /* newTargetAudioUnit.h */,
				4ECB6428285B430F00F23E4E /* newTargetAudioUnit.m */,
			);
			path = "Audio Unit";
			sourceTree = "<group>";
		};
		4ECB642A285B430F00F23E4E /* DSP */ = {
			isa = PBXGroup;
			children = (
				4ECB6433285B430F00F23E4E /* newTargetDSPKernel.hpp */,
				4ECB6435285B430F00F23E4E /* newTargetDSPKernel.mm */,
				4ECB642B285B430F00F23E4E /* Helpers */,
			);
			path = DSP;
			sourceTree = "<group>";
		};
		4ECB642B285B430F00F23E4E /* Helpers */ = {
			isa = PBXGroup;
			children = (
				4ECB642C285B430F00F23E4E /* DSPKernel.hpp */,
				4ECB642E285B430F00F23E4E /* DSPKernel.mm */,
				4ECB6430285B430F00F23E4E /* BufferedAudioBus.hpp */,
				4ECB6432285B430F00F23E4E /* newTargetDSPKernelAdapter.h */,
			);
			path = Helpers;
			sourceTree = "<group>";
		};
		4ECB6437285B430F00F23E4E /* UI */ = {
			isa = PBXGroup;
			children = (
				4ECB6438285B430F00F23E4E /* AudioUnitViewController.swift */,
			);
			path = UI;
			sourceTree = "<group>";
		};
/* End PBXGroup section */

/* Begin PBXNativeTarget section */
		4ECB6408285B42B500F23E4E /* toLearnTarget&stuff */ = {
			isa = PBXNativeTarget;
			buildConfigurationList = 4ECB641D285B42B800F23E4E /* Build configuration list for PBXNativeTarget "toLearnTarget&stuff" */;
			buildPhases = (
				4ECB6405285B42B500F23E4E /* Sources */,
				4ECB6406285B42B500F23E4E /* Frameworks */,
				4ECB6407285B42B500F23E4E /* Resources */,
				4ECB6449285B430F00F23E4E /* Embed App Extensions */,
			);
			buildRules = (
			);
			dependencies = (
				4ECB6444285B430F00F23E4E /* PBXTargetDependency */,
			);
			name = "toLearnTarget&stuff";
			productName = "toLearnTarget&stuff";
			productReference = 4ECB6409285B42B500F23E4E /* toLearnTarget&stuff.app */;
			productType = "com.apple.product-type.application";
		};
		4ECB6423285B430F00F23E4E /* newTarget */ = {
			isa = PBXNativeTarget;
			buildConfigurationList = 4ECB6446285B430F00F23E4E /* Build configuration list for PBXNativeTarget "newTarget" */;
			buildPhases = (
				4ECB6420285B430F00F23E4E /* Sources */,
				4ECB6421285B430F00F23E4E /* Frameworks */,
				4ECB6422285B430F00F23E4E /* Resources */,
			);
			buildRules = (
			);
			dependencies = (
			);
			name = newTarget;
			productName = newTarget;
			productReference = 4ECB6424285B430F00F23E4E /* newTarget.appex */;
			productType = "com.apple.product-type.app-extension";
		};
/* End PBXNativeTarget section */

/* Begin PBXProject section */
		4ECB6401285B42B500F23E4E /* Project object */ = {
			isa = PBXProject;
			attributes = {
				BuildIndependentTargetsInParallel = 1;
				LastSwiftUpdateCheck = 1340;
				LastUpgradeCheck = 1340;
				TargetAttributes = {
					4ECB6408285B42B500F23E4E = {
						CreatedOnToolsVersion = 13.4.1;
					};
					4ECB6423285B430F00F23E4E = {
						CreatedOnToolsVersion = 13.4.1;
					};
				};
			};
			buildConfigurationList = 4ECB6404285B42B500F23E4E /* Build configuration list for PBXProject "toLearnTarget&stuff" */;
			compatibilityVersion = "Xcode 13.0";
			developmentRegion = en;
			hasScannedForEncodings = 0;
			knownRegions = (
				en,
				Base,
			);
			mainGroup = 4ECB6400285B42B500F23E4E;
			productRefGroup = 4ECB640A285B42B500F23E4E /* Products */;
			projectDirPath = "";
			projectRoot = "";
			targets = (
				4ECB6408285B42B500F23E4E /* toLearnTarget&stuff */,
				4ECB6423285B430F00F23E4E /* newTarget */,
			);
		};
/* End PBXProject section */

/* Begin PBXResourcesBuildPhase section */
		4ECB6407285B42B500F23E4E /* Resources */ = {
			isa = PBXResourcesBuildPhase;
			buildActionMask = 2147483647;
			files = (
				4ECB6419285B42B800F23E4E /* LaunchScreen.storyboard in Resources */,
				4ECB6416285B42B800F23E4E /* Assets.xcassets in Resources */,
				4ECB6414285B42B500F23E4E /* Main.storyboard in Resources */,
			);
			runOnlyForDeploymentPostprocessing = 0;
		};
		4ECB6422285B430F00F23E4E /* Resources */ = {
			isa = PBXResourcesBuildPhase;
			buildActionMask = 2147483647;
			files = (
				4ECB642D285B430F00F23E4E /* DSPKernel.hpp in Resources */,
				4ECB6441285B430F00F23E4E /* MainInterface.storyboard in Resources */,
				4ECB6431285B430F00F23E4E /* BufferedAudioBus.hpp in Resources */,
				4ECB6434285B430F00F23E4E /* newTargetDSPKernel.hpp in Resources */,
			);
			runOnlyForDeploymentPostprocessing = 0;
		};
/* End PBXResourcesBuildPhase section */

/* Begin PBXSourcesBuildPhase section */
		4ECB6405285B42B500F23E4E /* Sources */ = {
			isa = PBXSourcesBuildPhase;
			buildActionMask = 2147483647;
			files = (
				4ECB6411285B42B500F23E4E /* ViewController.swift in Sources */,
				4ECB640D285B42B500F23E4E /* AppDelegate.swift in Sources */,
				4ECB640F285B42B500F23E4E /* SceneDelegate.swift in Sources */,
			);
			runOnlyForDeploymentPostprocessing = 0;
		};
		4ECB6420285B430F00F23E4E /* Sources */ = {
			isa = PBXSourcesBuildPhase;
			buildActionMask = 2147483647;
			files = (
				4ECB6436285B430F00F23E4E /* newTargetDSPKernel.mm in Sources */,
				4ECB6439285B430F00F23E4E /* AudioUnitViewController.swift in Sources */,
				4ECB643B285B430F00F23E4E /* newTargetAudioUnit.swift in Sources */,
				4ECB643D285B430F00F23E4E /* newTargetParameters.swift in Sources */,
				4ECB642F285B430F00F23E4E /* DSPKernel.mm in Sources */,
				4ECB6429285B430F00F23E4E /* newTargetAudioUnit.m in Sources */,
			);
			runOnlyForDeploymentPostprocessing = 0;
		};
/* End PBXSourcesBuildPhase section */

/* Begin PBXTargetDependency section */
		4ECB6444285B430F00F23E4E /* PBXTargetDependency */ = {
			isa = PBXTargetDependency;
			target = 4ECB6423285B430F00F23E4E /* newTarget */;
			targetProxy = 4ECB6443285B430F00F23E4E /* PBXContainerItemProxy */;
		};
/* End PBXTargetDependency section */

/* Begin PBXVariantGroup section */
		4ECB6412285B42B500F23E4E /* Main.storyboard */ = {
			isa = PBXVariantGroup;
			children = (
				4ECB6413285B42B500F23E4E /* Base */,
			);
			name = Main.storyboard;
			sourceTree = "<group>";
		};
		4ECB6417285B42B800F23E4E /* LaunchScreen.storyboard */ = {
			isa = PBXVariantGroup;
			children = (
				4ECB6418285B42B800F23E4E /* Base */,
			);
			name = LaunchScreen.storyboard;
			sourceTree = "<group>";
		};
		4ECB643F285B430F00F23E4E /* MainInterface.storyboard */ = {
			isa = PBXVariantGroup;
			children = (
				4ECB6440285B430F00F23E4E /* Base */,
			);
			name = MainInterface.storyboard;
			sourceTree = "<group>";
		};
/* End PBXVariantGroup section */

/* Begin XCBuildConfiguration section */
		4ECB641B285B42B800F23E4E /* Debug */ = {
			isa = XCBuildConfiguration;
			buildSettings = {
				ALWAYS_SEARCH_USER_PATHS = NO;
				CLANG_ANALYZER_NONNULL = YES;
				CLANG_ANALYZER_NUMBER_OBJECT_CONVERSION = YES_AGGRESSIVE;
				CLANG_CXX_LANGUAGE_STANDARD = "gnu++17";
				CLANG_ENABLE_MODULES = YES;
				CLANG_ENABLE_OBJC_ARC = YES;
				CLANG_ENABLE_OBJC_WEAK = YES;
				CLANG_WARN_BLOCK_CAPTURE_AUTORELEASING = YES;
				CLANG_WARN_BOOL_CONVERSION = YES;
				CLANG_WARN_COMMA = YES;
				CLANG_WARN_CONSTANT_CONVERSION = YES;
				CLANG_WARN_DEPRECATED_OBJC_IMPLEMENTATIONS = YES;
				CLANG_WARN_DIRECT_OBJC_ISA_USAGE = YES_ERROR;
				CLANG_WARN_DOCUMENTATION_COMMENTS = YES;
				CLANG_WARN_EMPTY_BODY = YES;
				CLANG_WARN_ENUM_CONVERSION = YES;
				CLANG_WARN_INFINITE_RECURSION = YES;
				CLANG_WARN_INT_CONVERSION = YES;
				CLANG_WARN_NON_LITERAL_NULL_CONVERSION = YES;
				CLANG_WARN_OBJC_IMPLICIT_RETAIN_SELF = YES;
				CLANG_WARN_OBJC_LITERAL_CONVERSION = YES;
				CLANG_WARN_OBJC_ROOT_CLASS = YES_ERROR;
				CLANG_WARN_QUOTED_INCLUDE_IN_FRAMEWORK_HEADER = YES;
				CLANG_WARN_RANGE_LOOP_ANALYSIS = YES;
				CLANG_WARN_STRICT_PROTOTYPES = YES;
				CLANG_WARN_SUSPICIOUS_MOVE = YES;
				CLANG_WARN_UNGUARDED_AVAILABILITY = YES_AGGRESSIVE;
				CLANG_WARN_UNREACHABLE_CODE = YES;
				CLANG_WARN__DUPLICATE_METHOD_MATCH = YES;
				COPY_PHASE_STRIP = NO;
				DEBUG_INFORMATION_FORMAT = dwarf;
				ENABLE_STRICT_OBJC_MSGSEND = YES;
				ENABLE_TESTABILITY = YES;
				GCC_C_LANGUAGE_STANDARD = gnu11;
				GCC_DYNAMIC_NO_PIC = NO;
				GCC_NO_COMMON_BLOCKS = YES;
				GCC_OPTIMIZATION_LEVEL = 0;
				GCC_PREPROCESSOR_DEFINITIONS = (
					"DEBUG=1",
					"$(inherited)",
				);
				GCC_WARN_64_TO_32_BIT_CONVERSION = YES;
				GCC_WARN_ABOUT_RETURN_TYPE = YES_ERROR;
				GCC_WARN_UNDECLARED_SELECTOR = YES;
				GCC_WARN_UNINITIALIZED_AUTOS = YES_AGGRESSIVE;
				GCC_WARN_UNUSED_FUNCTION = YES;
				GCC_WARN_UNUSED_VARIABLE = YES;
				IPHONEOS_DEPLOYMENT_TARGET = 15.5;
				MTL_ENABLE_DEBUG_INFO = INCLUDE_SOURCE;
				MTL_FAST_MATH = YES;
				ONLY_ACTIVE_ARCH = YES;
				SDKROOT = iphoneos;
				SWIFT_ACTIVE_COMPILATION_CONDITIONS = DEBUG;
				SWIFT_OPTIMIZATION_LEVEL = "-Onone";
			};
			name = Debug;
		};
		4ECB641C285B42B800F23E4E /* Release */ = {
			isa = XCBuildConfiguration;
			buildSettings = {
				ALWAYS_SEARCH_USER_PATHS = NO;
				CLANG_ANALYZER_NONNULL = YES;
				CLANG_ANALYZER_NUMBER_OBJECT_CONVERSION = YES_AGGRESSIVE;
				CLANG_CXX_LANGUAGE_STANDARD = "gnu++17";
				CLANG_ENABLE_MODULES = YES;
				CLANG_ENABLE_OBJC_ARC = YES;
				CLANG_ENABLE_OBJC_WEAK = YES;
				CLANG_WARN_BLOCK_CAPTURE_AUTORELEASING = YES;
				CLANG_WARN_BOOL_CONVERSION = YES;
				CLANG_WARN_COMMA = YES;
				CLANG_WARN_CONSTANT_CONVERSION = YES;
				CLANG_WARN_DEPRECATED_OBJC_IMPLEMENTATIONS = YES;
				CLANG_WARN_DIRECT_OBJC_ISA_USAGE = YES_ERROR;
				CLANG_WARN_DOCUMENTATION_COMMENTS = YES;
				CLANG_WARN_EMPTY_BODY = YES;
				CLANG_WARN_ENUM_CONVERSION = YES;
				CLANG_WARN_INFINITE_RECURSION = YES;
				CLANG_WARN_INT_CONVERSION = YES;
				CLANG_WARN_NON_LITERAL_NULL_CONVERSION = YES;
				CLANG_WARN_OBJC_IMPLICIT_RETAIN_SELF = YES;
				CLANG_WARN_OBJC_LITERAL_CONVERSION = YES;
				CLANG_WARN_OBJC_ROOT_CLASS = YES_ERROR;
				CLANG_WARN_QUOTED_INCLUDE_IN_FRAMEWORK_HEADER = YES;
				CLANG_WARN_RANGE_LOOP_ANALYSIS = YES;
				CLANG_WARN_STRICT_PROTOTYPES = YES;
				CLANG_WARN_SUSPICIOUS_MOVE = YES;
				CLANG_WARN_UNGUARDED_AVAILABILITY = YES_AGGRESSIVE;
				CLANG_WARN_UNREACHABLE_CODE = YES;
				CLANG_WARN__DUPLICATE_METHOD_MATCH = YES;
				COPY_PHASE_STRIP = NO;
				DEBUG_INFORMATION_FORMAT = "dwarf-with-dsym";
				ENABLE_NS_ASSERTIONS = NO;
				ENABLE_STRICT_OBJC_MSGSEND = YES;
				GCC_C_LANGUAGE_STANDARD = gnu11;
				GCC_NO_COMMON_BLOCKS = YES;
				GCC_WARN_64_TO_32_BIT_CONVERSION = YES;
				GCC_WARN_ABOUT_RETURN_TYPE = YES_ERROR;
				GCC_WARN_UNDECLARED_SELECTOR = YES;
				GCC_WARN_UNINITIALIZED_AUTOS = YES_AGGRESSIVE;
				GCC_WARN_UNUSED_FUNCTION = YES;
				GCC_WARN_UNUSED_VARIABLE = YES;
				IPHONEOS_DEPLOYMENT_TARGET = 15.5;
				MTL_ENABLE_DEBUG_INFO = NO;
				MTL_FAST_MATH = YES;
				SDKROOT = iphoneos;
				SWIFT_COMPILATION_MODE = wholemodule;
				SWIFT_OPTIMIZATION_LEVEL = "-O";
				VALIDATE_PRODUCT = YES;
			};
			name = Release;
		};
		4ECB641E285B42B800F23E4E /* Debug */ = {
			isa = XCBuildConfiguration;
			buildSettings = {
				ALWAYS_EMBED_SWIFT_STANDARD_LIBRARIES = YES;
				ASSETCATALOG_COMPILER_APPICON_NAME = AppIcon;
				ASSETCATALOG_COMPILER_GLOBAL_ACCENT_COLOR_NAME = AccentColor;
				CODE_SIGN_STYLE = Automatic;
				CURRENT_PROJECT_VERSION = 1;
				GENERATE_INFOPLIST_FILE = YES;
				INFOPLIST_FILE = "toLearnTarget&stuff/Info.plist";
				INFOPLIST_KEY_UIApplicationSupportsIndirectInputEvents = YES;
				INFOPLIST_KEY_UILaunchStoryboardName = LaunchScreen;
				INFOPLIST_KEY_UIMainStoryboardFile = Main;
				INFOPLIST_KEY_UISupportedInterfaceOrientations_iPad = "UIInterfaceOrientationPortrait UIInterfaceOrientationPortraitUpsideDown UIInterfaceOrientationLandscapeLeft UIInterfaceOrientationLandscapeRight";
				INFOPLIST_KEY_UISupportedInterfaceOrientations_iPhone = "UIInterfaceOrientationPortrait UIInterfaceOrientationLandscapeLeft UIInterfaceOrientationLandscapeRight";
				LD_RUNPATH_SEARCH_PATHS = (
					"$(inherited)",
					"@executable_path/Frameworks",
				);
				MARKETING_VERSION = 1.0;
				PRODUCT_BUNDLE_IDENTIFIER = "Deo.toLearnTarget-stuff";
				PRODUCT_NAME = "$(TARGET_NAME)";
				SWIFT_EMIT_LOC_STRINGS = YES;
				SWIFT_VERSION = 5.0;
				TARGETED_DEVICE_FAMILY = "1,2";
			};
			name = Debug;
		};
		4ECB641F285B42B800F23E4E /* Release */ = {
			isa = XCBuildConfiguration;
			buildSettings = {
				ALWAYS_EMBED_SWIFT_STANDARD_LIBRARIES = YES;
				ASSETCATALOG_COMPILER_APPICON_NAME = AppIcon;
				ASSETCATALOG_COMPILER_GLOBAL_ACCENT_COLOR_NAME = AccentColor;
				CODE_SIGN_STYLE = Manual;
				CURRENT_PROJECT_VERSION = 1;
				DEVELOPMENT_TEAM = "";
				GENERATE_INFOPLIST_FILE = YES;
				INFOPLIST_FILE = "toLearnTarget&stuff/Info.plist";
				INFOPLIST_KEY_UIApplicationSupportsIndirectInputEvents = YES;
				INFOPLIST_KEY_UILaunchStoryboardName = LaunchScreen;
				INFOPLIST_KEY_UIMainStoryboardFile = Main;
				INFOPLIST_KEY_UISupportedInterfaceOrientations_iPad = "UIInterfaceOrientationPortrait UIInterfaceOrientationPortraitUpsideDown UIInterfaceOrientationLandscapeLeft UIInterfaceOrientationLandscapeRight";
				INFOPLIST_KEY_UISupportedInterfaceOrientations_iPhone = "UIInterfaceOrientationPortrait UIInterfaceOrientationLandscapeLeft UIInterfaceOrientationLandscapeRight";
				LD_RUNPATH_SEARCH_PATHS = (
					"$(inherited)",
					"@executable_path/Frameworks",
				);
				MARKETING_VERSION = 1.0;
				PRODUCT_BUNDLE_IDENTIFIER = "Deo.toLearnTarget-stuff";
				PRODUCT_NAME = "$(TARGET_NAME)";
				PROVISIONING_PROFILE_SPECIFIER = "";
				SWIFT_EMIT_LOC_STRINGS = YES;
				SWIFT_VERSION = 5.0;
				TARGETED_DEVICE_FAMILY = "1,2";
			};
			name = Release;
		};
		4ECB6447285B430F00F23E4E /* Debug */ = {
			isa = XCBuildConfiguration;
			buildSettings = {
				CODE_SIGN_STYLE = Automatic;
				CURRENT_PROJECT_VERSION = 1;
				GENERATE_INFOPLIST_FILE = YES;
				INFOPLIST_FILE = newTarget/Info.plist;
				INFOPLIST_KEY_CFBundleDisplayName = newTarget;
				INFOPLIST_KEY_NSHumanReadableCopyright = "";
				LD_RUNPATH_SEARCH_PATHS = (
					"$(inherited)",
					"@executable_path/Frameworks",
					"@executable_path/../../Frameworks",
				);
				MARKETING_VERSION = 1.0;
				PRODUCT_BUNDLE_IDENTIFIER = "Deo.toLearnTarget-stuff.newTarget";
				PRODUCT_NAME = "$(TARGET_NAME)";
				SKIP_INSTALL = YES;
				SWIFT_EMIT_LOC_STRINGS = YES;
				SWIFT_OBJC_BRIDGING_HEADER = "newTarget/newTarget-Bridging-Header.h";
				SWIFT_VERSION = 5.0;
				TARGETED_DEVICE_FAMILY = "1,2";
			};
			name = Debug;
		};
		4ECB6448285B430F00F23E4E /* Release */ = {
			isa = XCBuildConfiguration;
			buildSettings = {
				CODE_SIGN_STYLE = Automatic;
				CURRENT_PROJECT_VERSION = 1;
				GENERATE_INFOPLIST_FILE = YES;
				INFOPLIST_FILE = newTarget/Info.plist;
				INFOPLIST_KEY_CFBundleDisplayName = newTarget;
				INFOPLIST_KEY_NSHumanReadableCopyright = "";
				LD_RUNPATH_SEARCH_PATHS = (
					"$(inherited)",
					"@executable_path/Frameworks",
					"@executable_path/../../Frameworks",
				);
				MARKETING_VERSION = 1.0;
				PRODUCT_BUNDLE_IDENTIFIER = "Deo.toLearnTarget-stuff.newTarget";
				PRODUCT_NAME = "$(TARGET_NAME)";
				SKIP_INSTALL = YES;
				SWIFT_EMIT_LOC_STRINGS = YES;
				SWIFT_OBJC_BRIDGING_HEADER = "newTarget/newTarget-Bridging-Header.h";
				SWIFT_VERSION = 5.0;
				TARGETED_DEVICE_FAMILY = "1,2";
			};
			name = Release;
		};
/* End XCBuildConfiguration section */

/* Begin XCConfigurationList section */
		4ECB6404285B42B500F23E4E /* Build configuration list for PBXProject "toLearnTarget&stuff" */ = {
			isa = XCConfigurationList;
			buildConfigurations = (
				4ECB641B285B42B800F23E4E /* Debug */,
				4ECB641C285B42B800F23E4E /* Release */,
			);
			defaultConfigurationIsVisible = 0;
			defaultConfigurationName = Release;
		};
		4ECB641D285B42B800F23E4E /* Build configuration list for PBXNativeTarget "toLearnTarget&stuff" */ = {
			isa = XCConfigurationList;
			buildConfigurations = (
				4ECB641E285B42B800F23E4E /* Debug */,
				4ECB641F285B42B800F23E4E /* Release */,
			);
			defaultConfigurationIsVisible = 0;
			defaultConfigurationName = Release;
		};
		4ECB6446285B430F00F23E4E /* Build configuration list for PBXNativeTarget "newTarget" */ = {
			isa = XCConfigurationList;
			buildConfigurations = (
				4ECB6447285B430F00F23E4E /* Debug */,
				4ECB6448285B430F00F23E4E /* Release */,
			);
			defaultConfigurationIsVisible = 0;
			defaultConfigurationName = Release;
		};
/* End XCConfigurationList section */
	};
	rootObject = 4ECB6401285B42B500F23E4E /* Project object */;
}
